
Microsoft Visual Studio Solution File, Format Version 12.00
# Visual Studio Version 17
VisualStudioVersion = 17.1.32210.238
MinimumVisualStudioVersion = 10.0.40219.1
Project("{FAE04EC0-301F-11D3-BF4B-00C04F79EFBC}") = "Wow.Entry", "Wow.Entry\Wow.Entry.csproj", "{835885EC-D975-43A9-9FFD-F1E2C3D7F6B1}"
EndProject
Global
	GlobalSection(SolutionConfigurationPlatforms) = preSolution
		Debug|Any CPU = Debug|Any CPU
		Release|Any CPU = Release|Any CPU
	EndGlobalSection
	GlobalSection(ProjectConfigurationPlatforms) = postSolution
		{835885EC-D975-43A9-9FFD-F1E2C3D7F6B1}.Debug|Any CPU.ActiveCfg = Debug|Any CPU
		{835885EC-D975-43A9-9FFD-F1E2C3D7F6B1}.Debug|Any CPU.Build.0 = Debug|Any CPU
		{835885EC-D975-43A9-9FFD-F1E2C3D7F6B1}.Release|Any CPU.ActiveCfg = Release|Any CPU
		{835885EC-D975-43A9-9FFD-F1E2C3D7F6B1}.Release|Any CPU.Build.0 = Release|Any CPU
	EndGlobalSection
	GlobalSection(SolutionProperties) = preSolution
		HideSolutionNode = FALSE
	EndGlobalSection
	GlobalSection(ExtensibilityGlobals) = postSolution
		SolutionGuid = {1645F82E-B207-4F9E-9B96-32D957CB251E}
	EndGlobalSection
EndGlobal
